
Microsoft Visual Studio Solution File, Format Version 12.00
# Visual Studio Version 16
VisualStudioVersion = 16.0.30907.101
MinimumVisualStudioVersion = 10.0.40219.1
Project("{9A19103F-16F7-4668-BE54-9A1E7A4F7556}") = "images", "images\images.csproj", "{AF5F0DBA-A2ED-463D-91F5-7AD7D7282E97}"
EndProject
Project("{9A19103F-16F7-4668-BE54-9A1E7A4F7556}") = "text", "text\text.csproj", "{598078AE-381F-472A-8736-AFB1B4FA787B}"
EndProject
Project("{FAE04EC0-301F-11D3-BF4B-00C04F79EFBC}") = "wordCount", "wordCount\wordCount.csproj", "{1DEF5153-6540-4ADB-993F-16557D66574C}"
EndProject
Global
	GlobalSection(SolutionConfigurationPlatforms) = preSolution
		Debug|Any CPU = Debug|Any CPU
		Debug|x86 = Debug|x86
		Release|Any CPU = Release|Any CPU
		Release|x86 = Release|x86
	EndGlobalSection
	GlobalSection(ProjectConfigurationPlatforms) = postSolution
		{AF5F0DBA-A2ED-463D-91F5-7AD7D7282E97}.Debug|Any CPU.ActiveCfg = Debug|Any CPU
		{AF5F0DBA-A2ED-463D-91F5-7AD7D7282E97}.Debug|Any CPU.Build.0 = Debug|Any CPU
		{AF5F0DBA-A2ED-463D-91F5-7AD7D7282E97}.Debug|x86.ActiveCfg = Debug|Any CPU
		{AF5F0DBA-A2ED-463D-91F5-7AD7D7282E97}.Debug|x86.Build.0 = Debug|Any CPU
		{AF5F0DBA-A2ED-463D-91F5-7AD7D7282E97}.Release|Any CPU.ActiveCfg = Release|Any CPU
		{AF5F0DBA-A2ED-463D-91F5-7AD7D7282E97}.Release|Any CPU.Build.0 = Release|Any CPU
		{AF5F0DBA-A2ED-463D-91F5-7AD7D7282E97}.Release|x86.ActiveCfg = Release|x86
		{AF5F0DBA-A2ED-463D-91F5-7AD7D7282E97}.Release|x86.Build.0 = Release|x86
		{598078AE-381F-472A-8736-AFB1B4FA787B}.Debug|Any CPU.ActiveCfg = Debug|Any CPU
		{598078AE-381F-472A-8736-AFB1B4FA787B}.Debug|Any CPU.Build.0 = Debug|Any CPU
		{598078AE-381F-472A-8736-AFB1B4FA787B}.Debug|x86.ActiveCfg = Debug|Any CPU
		{598078AE-381F-472A-8736-AFB1B4FA787B}.Debug|x86.Build.0 = Debug|Any CPU
		{598078AE-381F-472A-8736-AFB1B4FA787B}.Release|Any CPU.ActiveCfg = Release|Any CPU
		{598078AE-381F-472A-8736-AFB1B4FA787B}.Release|Any CPU.Build.0 = Release|Any CPU
		{598078AE-381F-472A-8736-AFB1B4FA787B}.Release|x86.ActiveCfg = Release|x86
		{598078AE-381F-472A-8736-AFB1B4FA787B}.Release|x86.Build.0 = Release|x86
		{1DEF5153-6540-4ADB-993F-16557D66574C}.Debug|Any CPU.ActiveCfg = Debug|Any CPU
		{1DEF5153-6540-4ADB-993F-16557D66574C}.Debug|Any CPU.Build.0 = Debug|Any CPU
		{1DEF5153-6540-4ADB-993F-16557D66574C}.Debug|x86.ActiveCfg = Debug|Any CPU
		{1DEF5153-6540-4ADB-993F-16557D66574C}.Debug|x86.Build.0 = Debug|Any CPU
		{1DEF5153-6540-4ADB-993F-16557D66574C}.Release|Any CPU.ActiveCfg = Release|Any CPU
		{1DEF5153-6540-4ADB-993F-16557D66574C}.Release|Any CPU.Build.0 = Release|Any CPU
		{1DEF5153-6540-4ADB-993F-16557D66574C}.Release|x86.ActiveCfg = Release|Any CPU
		{1DEF5153-6540-4ADB-993F-16557D66574C}.Release|x86.Build.0 = Release|Any CPU
	EndGlobalSection
	GlobalSection(SolutionProperties) = preSolution
		HideSolutionNode = FALSE
	EndGlobalSection
	GlobalSection(ExtensibilityGlobals) = postSolution
		SolutionGuid = {F07D41BA-E0B1-4F34-A38B-57AD666728F1}
	EndGlobalSection
EndGlobal
